// !$*UTF8*$!
{
	archiveVersion = 1;
	classes = {
	};
	objectVersion = 46;
	objects = {

/* Begin PBXBuildFile section */
		982826DE16F98A4D00EA32FC /* UIKit.framework in Frameworks */ = {isa = PBXBuildFile; fileRef = 982826DD16F98A4D00EA32FC /* UIKit.framework */; };
		982826E016F98A4D00EA32FC /* Foundation.framework in Frameworks */ = {isa = PBXBuildFile; fileRef = 982826DF16F98A4D00EA32FC /* Foundation.framework */; };
		982826E216F98A4D00EA32FC /* CoreGraphics.framework in Frameworks */ = {isa = PBXBuildFile; fileRef = 982826E116F98A4D00EA32FC /* CoreGraphics.framework */; };
		982826E816F98A4D00EA32FC /* InfoPlist.strings in Resources */ = {isa = PBXBuildFile; fileRef = 982826E616F98A4D00EA32FC /* InfoPlist.strings */; };
		982826EA16F98A4D00EA32FC /* main.m in Sources */ = {isa = PBXBuildFile; fileRef = 982826E916F98A4D00EA32FC /* main.m */; };
		982826EE16F98A4D00EA32FC /* NerdfeedAppDelegate.m in Sources */ = {isa = PBXBuildFile; fileRef = 982826ED16F98A4D00EA32FC /* NerdfeedAppDelegate.m */; };
		982826F016F98A4D00EA32FC /* Default.png in Resources */ = {isa = PBXBuildFile; fileRef = 982826EF16F98A4D00EA32FC /* Default.png */; };
		982826F216F98A4D00EA32FC /* Default@2x.png in Resources */ = {isa = PBXBuildFile; fileRef = 982826F116F98A4D00EA32FC /* Default@2x.png */; };
		982826F416F98A4D00EA32FC /* Default-568h@2x.png in Resources */ = {isa = PBXBuildFile; fileRef = 982826F316F98A4D00EA32FC /* Default-568h@2x.png */; };
		982826FC16F98A6F00EA32FC /* ListViewController.m in Sources */ = {isa = PBXBuildFile; fileRef = 982826FB16F98A6F00EA32FC /* ListViewController.m */; };
		982826FF16FAD58000EA32FC /* RSSChannel.m in Sources */ = {isa = PBXBuildFile; fileRef = 982826FE16FAD58000EA32FC /* RSSChannel.m */; };
		9828270216FAD90000EA32FC /* RSSItem.m in Sources */ = {isa = PBXBuildFile; fileRef = 9828270116FAD90000EA32FC /* RSSItem.m */; };
		9828270516FADD4000EA32FC /* WebViewController.m in Sources */ = {isa = PBXBuildFile; fileRef = 9828270416FADD4000EA32FC /* WebViewController.m */; };
		9828270816FC238800EA32FC /* ChannelViewController.m in Sources */ = {isa = PBXBuildFile; fileRef = 9828270716FC238800EA32FC /* ChannelViewController.m */; };
/* End PBXBuildFile section */

/* Begin PBXFileReference section */
		982826DA16F98A4D00EA32FC /* Nerdfeed.app */ = {isa = PBXFileReference; explicitFileType = wrapper.application; includeInIndex = 0; path = Nerdfeed.app; sourceTree = BUILT_PRODUCTS_DIR; };
		982826DD16F98A4D00EA32FC /* UIKit.framework */ = {isa = PBXFileReference; lastKnownFileType = wrapper.framework; name = UIKit.framework; path = System/Library/Frameworks/UIKit.framework; sourceTree = SDKROOT; };
		982826DF16F98A4D00EA32FC /* Foundation.framework */ = {isa = PBXFileReference; lastKnownFileType = wrapper.framework; name = Foundation.framework; path = System/Library/Frameworks/Foundation.framework; sourceTree = SDKROOT; };
		982826E116F98A4D00EA32FC /* CoreGraphics.framework */ = {isa = PBXFileReference; lastKnownFileType = wrapper.framework; name = CoreGraphics.framework; path = System/Library/Frameworks/CoreGraphics.framework; sourceTree = SDKROOT; };
		982826E516F98A4D00EA32FC /* Nerdfeed-Info.plist */ = {isa = PBXFileReference; lastKnownFileType = text.plist.xml; path = "Nerdfeed-Info.plist"; sourceTree = "<group>"; };
		982826E716F98A4D00EA32FC /* en */ = {isa = PBXFileReference; lastKnownFileType = text.plist.strings; name = en; path = en.lproj/InfoPlist.strings; sourceTree = "<group>"; };
		982826E916F98A4D00EA32FC /* main.m */ = {isa = PBXFileReference; lastKnownFileType = sourcecode.c.objc; path = main.m; sourceTree = "<group>"; };
		982826EB16F98A4D00EA32FC /* Nerdfeed-Prefix.pch */ = {isa = PBXFileReference; lastKnownFileType = sourcecode.c.h; path = "Nerdfeed-Prefix.pch"; sourceTree = "<group>"; };
		982826EC16F98A4D00EA32FC /* NerdfeedAppDelegate.h */ = {isa = PBXFileReference; lastKnownFileType = sourcecode.c.h; path = NerdfeedAppDelegate.h; sourceTree = "<group>"; };
		982826ED16F98A4D00EA32FC /* NerdfeedAppDelegate.m */ = {isa = PBXFileReference; lastKnownFileType = sourcecode.c.objc; path = NerdfeedAppDelegate.m; sourceTree = "<group>"; };
		982826EF16F98A4D00EA32FC /* Default.png */ = {isa = PBXFileReference; lastKnownFileType = image.png; path = Default.png; sourceTree = "<group>"; };
		982826F116F98A4D00EA32FC /* Default@2x.png */ = {isa = PBXFileReference; lastKnownFileType = image.png; path = "Default@2x.png"; sourceTree = "<group>"; };
		982826F316F98A4D00EA32FC /* Default-568h@2x.png */ = {isa = PBXFileReference; lastKnownFileType = image.png; path = "Default-568h@2x.png"; sourceTree = "<group>"; };
		982826FA16F98A6F00EA32FC /* ListViewController.h */ = {isa = PBXFileReference; fileEncoding = 4; lastKnownFileType = sourcecode.c.h; path = ListViewController.h; sourceTree = "<group>"; };
		982826FB16F98A6F00EA32FC /* ListViewController.m */ = {isa = PBXFileReference; fileEncoding = 4; lastKnownFileType = sourcecode.c.objc; path = ListViewController.m; sourceTree = "<group>"; };
		982826FD16FAD58000EA32FC /* RSSChannel.h */ = {isa = PBXFileReference; fileEncoding = 4; lastKnownFileType = sourcecode.c.h; path = RSSChannel.h; sourceTree = "<group>"; };
		982826FE16FAD58000EA32FC /* RSSChannel.m */ = {isa = PBXFileReference; fileEncoding = 4; lastKnownFileType = sourcecode.c.objc; path = RSSChannel.m; sourceTree = "<group>"; };
		9828270016FAD90000EA32FC /* RSSItem.h */ = {isa = PBXFileReference; fileEncoding = 4; lastKnownFileType = sourcecode.c.h; path = RSSItem.h; sourceTree = "<group>"; };
		9828270116FAD90000EA32FC /* RSSItem.m */ = {isa = PBXFileReference; fileEncoding = 4; lastKnownFileType = sourcecode.c.objc; path = RSSItem.m; sourceTree = "<group>"; };
		9828270316FADD4000EA32FC /* WebViewController.h */ = {isa = PBXFileReference; fileEncoding = 4; lastKnownFileType = sourcecode.c.h; path = WebViewController.h; sourceTree = "<group>"; };
		9828270416FADD4000EA32FC /* WebViewController.m */ = {isa = PBXFileReference; fileEncoding = 4; lastKnownFileType = sourcecode.c.objc; path = WebViewController.m; sourceTree = "<group>"; };
		9828270616FC238800EA32FC /* ChannelViewController.h */ = {isa = PBXFileReference; fileEncoding = 4; lastKnownFileType = sourcecode.c.h; path = ChannelViewController.h; sourceTree = "<group>"; };
		9828270716FC238800EA32FC /* ChannelViewController.m */ = {isa = PBXFileReference; fileEncoding = 4; lastKnownFileType = sourcecode.c.objc; path = ChannelViewController.m; sourceTree = "<group>"; };
/* End PBXFileReference section */

/* Begin PBXFrameworksBuildPhase section */
		982826D716F98A4D00EA32FC /* Frameworks */ = {
			isa = PBXFrameworksBuildPhase;
			buildActionMask = 2147483647;
			files = (
				982826DE16F98A4D00EA32FC /* UIKit.framework in Frameworks */,
				982826E016F98A4D00EA32FC /* Foundation.framework in Frameworks */,
				982826E216F98A4D00EA32FC /* CoreGraphics.framework in Frameworks */,
			);
			runOnlyForDeploymentPostprocessing = 0;
		};
/* End PBXFrameworksBuildPhase section */

/* Begin PBXGroup section */
		982826D116F98A4D00EA32FC = {
			isa = PBXGroup;
			children = (
				982826E316F98A4D00EA32FC /* Nerdfeed */,
				982826DC16F98A4D00EA32FC /* Frameworks */,
				982826DB16F98A4D00EA32FC /* Products */,
			);
			sourceTree = "<group>";
		};
		982826DB16F98A4D00EA32FC /* Products */ = {
			isa = PBXGroup;
			children = (
				982826DA16F98A4D00EA32FC /* Nerdfeed.app */,
			);
			name = Products;
			sourceTree = "<group>";
		};
		982826DC16F98A4D00EA32FC /* Frameworks */ = {
			isa = PBXGroup;
			children = (
				982826DD16F98A4D00EA32FC /* UIKit.framework */,
				982826DF16F98A4D00EA32FC /* Foundation.framework */,
				982826E116F98A4D00EA32FC /* CoreGraphics.framework */,
			);
			name = Frameworks;
			sourceTree = "<group>";
		};
		982826E316F98A4D00EA32FC /* Nerdfeed */ = {
			isa = PBXGroup;
			children = (
				982826EC16F98A4D00EA32FC /* NerdfeedAppDelegate.h */,
				982826ED16F98A4D00EA32FC /* NerdfeedAppDelegate.m */,
				982826FA16F98A6F00EA32FC /* ListViewController.h */,
				982826FB16F98A6F00EA32FC /* ListViewController.m */,
				982826FD16FAD58000EA32FC /* RSSChannel.h */,
				982826FE16FAD58000EA32FC /* RSSChannel.m */,
				9828270016FAD90000EA32FC /* RSSItem.h */,
				9828270116FAD90000EA32FC /* RSSItem.m */,
				9828270316FADD4000EA32FC /* WebViewController.h */,
				9828270416FADD4000EA32FC /* WebViewController.m */,
				9828270616FC238800EA32FC /* ChannelViewController.h */,
				9828270716FC238800EA32FC /* ChannelViewController.m */,
				982826E416F98A4D00EA32FC /* Supporting Files */,
			);
			path = Nerdfeed;
			sourceTree = "<group>";
		};
		982826E416F98A4D00EA32FC /* Supporting Files */ = {
			isa = PBXGroup;
			children = (
				982826E516F98A4D00EA32FC /* Nerdfeed-Info.plist */,
				982826E616F98A4D00EA32FC /* InfoPlist.strings */,
				982826E916F98A4D00EA32FC /* main.m */,
				982826EB16F98A4D00EA32FC /* Nerdfeed-Prefix.pch */,
				982826EF16F98A4D00EA32FC /* Default.png */,
				982826F116F98A4D00EA32FC /* Default@2x.png */,
				982826F316F98A4D00EA32FC /* Default-568h@2x.png */,
			);
			name = "Supporting Files";
			sourceTree = "<group>";
		};
/* End PBXGroup section */

/* Begin PBXNativeTarget section */
		982826D916F98A4D00EA32FC /* Nerdfeed */ = {
			isa = PBXNativeTarget;
			buildConfigurationList = 982826F716F98A4D00EA32FC /* Build configuration list for PBXNativeTarget "Nerdfeed" */;
			buildPhases = (
				982826D616F98A4D00EA32FC /* Sources */,
				982826D716F98A4D00EA32FC /* Frameworks */,
				982826D816F98A4D00EA32FC /* Resources */,
			);
			buildRules = (
			);
			dependencies = (
			);
			name = Nerdfeed;
			productName = Nerdfeed;
			productReference = 982826DA16F98A4D00EA32FC /* Nerdfeed.app */;
			productType = "com.apple.product-type.application";
		};
/* End PBXNativeTarget section */

/* Begin PBXProject section */
		982826D216F98A4D00EA32FC /* Project object */ = {
			isa = PBXProject;
			attributes = {
				CLASSPREFIX = Nerdfeed;
				LastUpgradeCheck = 0460;
				ORGANIZATIONNAME = "Leo Gau";
			};
			buildConfigurationList = 982826D516F98A4D00EA32FC /* Build configuration list for PBXProject "Nerdfeed" */;
			compatibilityVersion = "Xcode 3.2";
			developmentRegion = English;
			hasScannedForEncodings = 0;
			knownRegions = (
				en,
			);
			mainGroup = 982826D116F98A4D00EA32FC;
			productRefGroup = 982826DB16F98A4D00EA32FC /* Products */;
			projectDirPath = "";
			projectRoot = "";
			targets = (
				982826D916F98A4D00EA32FC /* Nerdfeed */,
			);
		};
/* End PBXProject section */

/* Begin PBXResourcesBuildPhase section */
		982826D816F98A4D00EA32FC /* Resources */ = {
			isa = PBXResourcesBuildPhase;
			buildActionMask = 2147483647;
			files = (
				982826E816F98A4D00EA32FC /* InfoPlist.strings in Resources */,
				982826F016F98A4D00EA32FC /* Default.png in Resources */,
				982826F216F98A4D00EA32FC /* Default@2x.png in Resources */,
				982826F416F98A4D00EA32FC /* Default-568h@2x.png in Resources */,
			);
			runOnlyForDeploymentPostprocessing = 0;
		};
/* End PBXResourcesBuildPhase section */

/* Begin PBXSourcesBuildPhase section */
		982826D616F98A4D00EA32FC /* Sources */ = {
			isa = PBXSourcesBuildPhase;
			buildActionMask = 2147483647;
			files = (
				982826EA16F98A4D00EA32FC /* main.m in Sources */,
				982826EE16F98A4D00EA32FC /* NerdfeedAppDelegate.m in Sources */,
				982826FC16F98A6F00EA32FC /* ListViewController.m in Sources */,
				982826FF16FAD58000EA32FC /* RSSChannel.m in Sources */,
				9828270216FAD90000EA32FC /* RSSItem.m in Sources */,
				9828270516FADD4000EA32FC /* WebViewController.m in Sources */,
				9828270816FC238800EA32FC /* ChannelViewController.m in Sources */,
			);
			runOnlyForDeploymentPostprocessing = 0;
		};
/* End PBXSourcesBuildPhase section */

/* Begin PBXVariantGroup section */
		982826E616F98A4D00EA32FC /* InfoPlist.strings */ = {
			isa = PBXVariantGroup;
			children = (
				982826E716F98A4D00EA32FC /* en */,
			);
			name = InfoPlist.strings;
			sourceTree = "<group>";
		};
/* End PBXVariantGroup section */

/* Begin XCBuildConfiguration section */
		982826F516F98A4D00EA32FC /* Debug */ = {
			isa = XCBuildConfiguration;
			buildSettings = {
				ALWAYS_SEARCH_USER_PATHS = NO;
				CLANG_CXX_LANGUAGE_STANDARD = "gnu++0x";
				CLANG_CXX_LIBRARY = "libc++";
				CLANG_ENABLE_OBJC_ARC = YES;
				CLANG_WARN_CONSTANT_CONVERSION = YES;
				CLANG_WARN_EMPTY_BODY = YES;
				CLANG_WARN_ENUM_CONVERSION = YES;
				CLANG_WARN_INT_CONVERSION = YES;
				CLANG_WARN__DUPLICATE_METHOD_MATCH = YES;
				"CODE_SIGN_IDENTITY[sdk=iphoneos*]" = "iPhone Developer";
				COPY_PHASE_STRIP = NO;
				GCC_C_LANGUAGE_STANDARD = gnu99;
				GCC_DYNAMIC_NO_PIC = NO;
				GCC_OPTIMIZATION_LEVEL = 0;
				GCC_PREPROCESSOR_DEFINITIONS = (
					"DEBUG=1",
					"$(inherited)",
				);
				GCC_SYMBOLS_PRIVATE_EXTERN = NO;
				GCC_WARN_ABOUT_RETURN_TYPE = YES;
				GCC_WARN_UNINITIALIZED_AUTOS = YES;
				GCC_WARN_UNUSED_VARIABLE = YES;
				IPHONEOS_DEPLOYMENT_TARGET = 6.1;
				ONLY_ACTIVE_ARCH = YES;
				SDKROOT = iphoneos;
				TARGETED_DEVICE_FAMILY = 2;
			};
			name = Debug;
		};
		982826F616F98A4D00EA32FC /* Release */ = {
			isa = XCBuildConfiguration;
			buildSettings = {
				ALWAYS_SEARCH_USER_PATHS = NO;
				CLANG_CXX_LANGUAGE_STANDARD = "gnu++0x";
				CLANG_CXX_LIBRARY = "libc++";
				CLANG_ENABLE_OBJC_ARC = YES;
				CLANG_WARN_CONSTANT_CONVERSION = YES;
				CLANG_WARN_EMPTY_BODY = YES;
				CLANG_WARN_ENUM_CONVERSION = YES;
				CLANG_WARN_INT_CONVERSION = YES;
				CLANG_WARN__DUPLICATE_METHOD_MATCH = YES;
				"CODE_SIGN_IDENTITY[sdk=iphoneos*]" = "iPhone Developer";
				COPY_PHASE_STRIP = YES;
				GCC_C_LANGUAGE_STANDARD = gnu99;
				GCC_WARN_ABOUT_RETURN_TYPE = YES;
				GCC_WARN_UNINITIALIZED_AUTOS = YES;
				GCC_WARN_UNUSED_VARIABLE = YES;
				IPHONEOS_DEPLOYMENT_TARGET = 6.1;
				OTHER_CFLAGS = "-DNS_BLOCK_ASSERTIONS=1";
				SDKROOT = iphoneos;
				TARGETED_DEVICE_FAMILY = 2;
				VALIDATE_PRODUCT = YES;
			};
			name = Release;
		};
		982826F816F98A4D00EA32FC /* Debug */ = {
			isa = XCBuildConfiguration;
			buildSettings = {
				GCC_PRECOMPILE_PREFIX_HEADER = YES;
				GCC_PREFIX_HEADER = "Nerdfeed/Nerdfeed-Prefix.pch";
				INFOPLIST_FILE = "Nerdfeed/Nerdfeed-Info.plist";
				PRODUCT_NAME = "$(TARGET_NAME)";
				TARGETED_DEVICE_FAMILY = "1,2";
				WRAPPER_EXTENSION = app;
			};
			name = Debug;
		};
		982826F916F98A4D00EA32FC /* Release */ = {
			isa = XCBuildConfiguration;
			buildSettings = {
				GCC_PRECOMPILE_PREFIX_HEADER = YES;
				GCC_PREFIX_HEADER = "Nerdfeed/Nerdfeed-Prefix.pch";
				INFOPLIST_FILE = "Nerdfeed/Nerdfeed-Info.plist";
				PRODUCT_NAME = "$(TARGET_NAME)";
				TARGETED_DEVICE_FAMILY = "1,2";
				WRAPPER_EXTENSION = app;
			};
			name = Release;
		};
/* End XCBuildConfiguration section */

/* Begin XCConfigurationList section */
		982826D516F98A4D00EA32FC /* Build configuration list for PBXProject "Nerdfeed" */ = {
			isa = XCConfigurationList;
			buildConfigurations = (
				982826F516F98A4D00EA32FC /* Debug */,
				982826F616F98A4D00EA32FC /* Release */,
			);
			defaultConfigurationIsVisible = 0;
			defaultConfigurationName = Release;
		};
		982826F716F98A4D00EA32FC /* Build configuration list for PBXNativeTarget "Nerdfeed" */ = {
			isa = XCConfigurationList;
			buildConfigurations = (
				982826F816F98A4D00EA32FC /* Debug */,
				982826F916F98A4D00EA32FC /* Release */,
			);
			defaultConfigurationIsVisible = 0;
			defaultConfigurationName = Release;
		};
/* End XCConfigurationList section */
	};
	rootObject = 982826D216F98A4D00EA32FC /* Project object */;
}
